
Microsoft Visual Studio Solution File, Format Version 12.00
# Visual Studio 14
VisualStudioVersion = 14.0.25420.1
MinimumVisualStudioVersion = 10.0.40219.1
Project("{8BC9CEB8-8B4A-11D0-8D11-00A0C91BC942}") = "Autovehicul_Revizii", "Autovehicul_Revizii\Autovehicul_Revizii.vcxproj", "{BF411034-A169-4A3C-B9B6-868C0FABA4E7}"
EndProject
Project("{8BC9CEB8-8B4A-11D0-8D11-00A0C91BC942}") = "EroareCompilare", "EroareCompilare\EroareCompilare.vcxproj", "{363BEDA0-A2C7-404D-9131-6B802F668660}"
EndProject
Project("{8BC9CEB8-8B4A-11D0-8D11-00A0C91BC942}") = "Imobiliare", "Imobiliare\Imobiliare.vcxproj", "{932F3EFC-4B63-48DA-B0D2-6B68656BC558}"
EndProject
Project("{8BC9CEB8-8B4A-11D0-8D11-00A0C91BC942}") = "IntrareCalendar", "IntrareCalendar\IntrareCalendar.vcxproj", "{0D975A3C-29A0-4AA5-B270-CADFAC0A5B0F}"
EndProject
Project("{8BC9CEB8-8B4A-11D0-8D11-00A0C91BC942}") = "PaginaWeb", "PaginaWeb\PaginaWeb.vcxproj", "{39BAEE74-F6A5-48EF-906B-27E4DBF715B1}"
EndProject
Project("{8BC9CEB8-8B4A-11D0-8D11-00A0C91BC942}") = "poo_hw1", "poo_hw1\poo_hw1.vcxproj", "{08B2F1E5-0371-413A-BC15-391A375DD19F}"
EndProject
Project("{8BC9CEB8-8B4A-11D0-8D11-00A0C91BC942}") = "poo_hw2", "poo_hw2\poo_hw2.vcxproj", "{EB3CCF28-38EA-43B1-8548-65A89B1DD6DD}"
EndProject
Project("{8BC9CEB8-8B4A-11D0-8D11-00A0C91BC942}") = "Project_phase1", "Project_phase1\Project_phase1.vcxproj", "{86A2C10B-8389-4F74-8881-5F19D46EB110}"
EndProject
Project("{8BC9CEB8-8B4A-11D0-8D11-00A0C91BC942}") = "seminar1", "seminar1\seminar1.vcxproj", "{7AFE6F83-09AB-49AE-A663-2F125B477861}"
EndProject
Project("{8BC9CEB8-8B4A-11D0-8D11-00A0C91BC942}") = "seminar2", "seminar2\seminar2.vcxproj", "{B7362CB5-E9A9-44F4-9FC2-2612B8C540EA}"
EndProject
Project("{8BC9CEB8-8B4A-11D0-8D11-00A0C91BC942}") = "seminar3", "seminar3\seminar3.vcxproj", "{320BD4AF-30FE-4757-A18C-4BF7E8A76661}"
EndProject
Project("{8BC9CEB8-8B4A-11D0-8D11-00A0C91BC942}") = "seminar4", "seminar4\seminar4.vcxproj", "{0B978288-27DC-40FB-AC42-7C95841A7D33}"
EndProject
Project("{8BC9CEB8-8B4A-11D0-8D11-00A0C91BC942}") = "seminar5", "seminar5\seminar5.vcxproj", "{0DD28A77-78EC-4C1B-9218-FC535EB68F7D}"
EndProject
Project("{8BC9CEB8-8B4A-11D0-8D11-00A0C91BC942}") = "seminar6", "seminar6\seminar6.vcxproj", "{00983391-1567-4394-A688-B8CB0AC8CBB0}"
EndProject
Global
	GlobalSection(SolutionConfigurationPlatforms) = preSolution
		Debug|x64 = Debug|x64
		Debug|x86 = Debug|x86
		Release|x64 = Release|x64
		Release|x86 = Release|x86
	EndGlobalSection
	GlobalSection(ProjectConfigurationPlatforms) = postSolution
		{BF411034-A169-4A3C-B9B6-868C0FABA4E7}.Debug|x64.ActiveCfg = Debug|Win32
		{BF411034-A169-4A3C-B9B6-868C0FABA4E7}.Debug|x86.ActiveCfg = Debug|Win32
		{BF411034-A169-4A3C-B9B6-868C0FABA4E7}.Debug|x86.Build.0 = Debug|Win32
		{BF411034-A169-4A3C-B9B6-868C0FABA4E7}.Release|x64.ActiveCfg = Release|Win32
		{BF411034-A169-4A3C-B9B6-868C0FABA4E7}.Release|x86.ActiveCfg = Release|Win32
		{BF411034-A169-4A3C-B9B6-868C0FABA4E7}.Release|x86.Build.0 = Release|Win32
		{363BEDA0-A2C7-404D-9131-6B802F668660}.Debug|x64.ActiveCfg = Debug|x64
		{363BEDA0-A2C7-404D-9131-6B802F668660}.Debug|x64.Build.0 = Debug|x64
		{363BEDA0-A2C7-404D-9131-6B802F668660}.Debug|x86.ActiveCfg = Debug|Win32
		{363BEDA0-A2C7-404D-9131-6B802F668660}.Debug|x86.Build.0 = Debug|Win32
		{363BEDA0-A2C7-404D-9131-6B802F668660}.Release|x64.ActiveCfg = Release|x64
		{363BEDA0-A2C7-404D-9131-6B802F668660}.Release|x64.Build.0 = Release|x64
		{363BEDA0-A2C7-404D-9131-6B802F668660}.Release|x86.ActiveCfg = Release|Win32
		{363BEDA0-A2C7-404D-9131-6B802F668660}.Release|x86.Build.0 = Release|Win32
		{932F3EFC-4B63-48DA-B0D2-6B68656BC558}.Debug|x64.ActiveCfg = Debug|x64
		{932F3EFC-4B63-48DA-B0D2-6B68656BC558}.Debug|x64.Build.0 = Debug|x64
		{932F3EFC-4B63-48DA-B0D2-6B68656BC558}.Debug|x86.ActiveCfg = Debug|Win32
		{932F3EFC-4B63-48DA-B0D2-6B68656BC558}.Debug|x86.Build.0 = Debug|Win32
		{932F3EFC-4B63-48DA-B0D2-6B68656BC558}.Release|x64.ActiveCfg = Release|x64
		{932F3EFC-4B63-48DA-B0D2-6B68656BC558}.Release|x64.Build.0 = Release|x64
		{932F3EFC-4B63-48DA-B0D2-6B68656BC558}.Release|x86.ActiveCfg = Release|Win32
		{932F3EFC-4B63-48DA-B0D2-6B68656BC558}.Release|x86.Build.0 = Release|Win32
		{0D975A3C-29A0-4AA5-B270-CADFAC0A5B0F}.Debug|x64.ActiveCfg = Debug|Win32
		{0D975A3C-29A0-4AA5-B270-CADFAC0A5B0F}.Debug|x86.ActiveCfg = Debug|Win32
		{0D975A3C-29A0-4AA5-B270-CADFAC0A5B0F}.Debug|x86.Build.0 = Debug|Win32
		{0D975A3C-29A0-4AA5-B270-CADFAC0A5B0F}.Release|x64.ActiveCfg = Release|Win32
		{0D975A3C-29A0-4AA5-B270-CADFAC0A5B0F}.Release|x86.ActiveCfg = Release|Win32
		{0D975A3C-29A0-4AA5-B270-CADFAC0A5B0F}.Release|x86.Build.0 = Release|Win32
		{39BAEE74-F6A5-48EF-906B-27E4DBF715B1}.Debug|x64.ActiveCfg = Debug|Win32
		{39BAEE74-F6A5-48EF-906B-27E4DBF715B1}.Debug|x86.ActiveCfg = Debug|Win32
		{39BAEE74-F6A5-48EF-906B-27E4DBF715B1}.Debug|x86.Build.0 = Debug|Win32
		{39BAEE74-F6A5-48EF-906B-27E4DBF715B1}.Release|x64.ActiveCfg = Release|Win32
		{39BAEE74-F6A5-48EF-906B-27E4DBF715B1}.Release|x86.ActiveCfg = Release|Win32
		{39BAEE74-F6A5-48EF-906B-27E4DBF715B1}.Release|x86.Build.0 = Release|Win32
		{08B2F1E5-0371-413A-BC15-391A375DD19F}.Debug|x64.ActiveCfg = Debug|Win32
		{08B2F1E5-0371-413A-BC15-391A375DD19F}.Debug|x86.ActiveCfg = Debug|Win32
		{08B2F1E5-0371-413A-BC15-391A375DD19F}.Debug|x86.Build.0 = Debug|Win32
		{08B2F1E5-0371-413A-BC15-391A375DD19F}.Release|x64.ActiveCfg = Release|Win32
		{08B2F1E5-0371-413A-BC15-391A375DD19F}.Release|x86.ActiveCfg = Release|Win32
		{08B2F1E5-0371-413A-BC15-391A375DD19F}.Release|x86.Build.0 = Release|Win32
		{EB3CCF28-38EA-43B1-8548-65A89B1DD6DD}.Debug|x64.ActiveCfg = Debug|Win32
		{EB3CCF28-38EA-43B1-8548-65A89B1DD6DD}.Debug|x86.ActiveCfg = Debug|Win32
		{EB3CCF28-38EA-43B1-8548-65A89B1DD6DD}.Debug|x86.Build.0 = Debug|Win32
		{EB3CCF28-38EA-43B1-8548-65A89B1DD6DD}.Release|x64.ActiveCfg = Release|Win32
		{EB3CCF28-38EA-43B1-8548-65A89B1DD6DD}.Release|x86.ActiveCfg = Release|Win32
		{EB3CCF28-38EA-43B1-8548-65A89B1DD6DD}.Release|x86.Build.0 = Release|Win32
		{86A2C10B-8389-4F74-8881-5F19D46EB110}.Debug|x64.ActiveCfg = Debug|Win32
		{86A2C10B-8389-4F74-8881-5F19D46EB110}.Debug|x86.ActiveCfg = Debug|Win32
		{86A2C10B-8389-4F74-8881-5F19D46EB110}.Debug|x86.Build.0 = Debug|Win32
		{86A2C10B-8389-4F74-8881-5F19D46EB110}.Release|x64.ActiveCfg = Release|Win32
		{86A2C10B-8389-4F74-8881-5F19D46EB110}.Release|x86.ActiveCfg = Release|Win32
		{86A2C10B-8389-4F74-8881-5F19D46EB110}.Release|x86.Build.0 = Release|Win32
		{7AFE6F83-09AB-49AE-A663-2F125B477861}.Debug|x64.ActiveCfg = Debug|x64
		{7AFE6F83-09AB-49AE-A663-2F125B477861}.Debug|x64.Build.0 = Debug|x64
		{7AFE6F83-09AB-49AE-A663-2F125B477861}.Debug|x86.ActiveCfg = Debug|Win32
		{7AFE6F83-09AB-49AE-A663-2F125B477861}.Debug|x86.Build.0 = Debug|Win32
		{7AFE6F83-09AB-49AE-A663-2F125B477861}.Release|x64.ActiveCfg = Release|x64
		{7AFE6F83-09AB-49AE-A663-2F125B477861}.Release|x64.Build.0 = Release|x64
		{7AFE6F83-09AB-49AE-A663-2F125B477861}.Release|x86.ActiveCfg = Release|Win32
		{7AFE6F83-09AB-49AE-A663-2F125B477861}.Release|x86.Build.0 = Release|Win32
		{B7362CB5-E9A9-44F4-9FC2-2612B8C540EA}.Debug|x64.ActiveCfg = Debug|x64
		{B7362CB5-E9A9-44F4-9FC2-2612B8C540EA}.Debug|x64.Build.0 = Debug|x64
		{B7362CB5-E9A9-44F4-9FC2-2612B8C540EA}.Debug|x86.ActiveCfg = Debug|Win32
		{B7362CB5-E9A9-44F4-9FC2-2612B8C540EA}.Debug|x86.Build.0 = Debug|Win32
		{B7362CB5-E9A9-44F4-9FC2-2612B8C540EA}.Release|x64.ActiveCfg = Release|x64
		{B7362CB5-E9A9-44F4-9FC2-2612B8C540EA}.Release|x64.Build.0 = Release|x64
		{B7362CB5-E9A9-44F4-9FC2-2612B8C540EA}.Release|x86.ActiveCfg = Release|Win32
		{B7362CB5-E9A9-44F4-9FC2-2612B8C540EA}.Release|x86.Build.0 = Release|Win32
		{320BD4AF-30FE-4757-A18C-4BF7E8A76661}.Debug|x64.ActiveCfg = Debug|x64
		{320BD4AF-30FE-4757-A18C-4BF7E8A76661}.Debug|x64.Build.0 = Debug|x64
		{320BD4AF-30FE-4757-A18C-4BF7E8A76661}.Debug|x86.ActiveCfg = Debug|Win32
		{320BD4AF-30FE-4757-A18C-4BF7E8A76661}.Debug|x86.Build.0 = Debug|Win32
		{320BD4AF-30FE-4757-A18C-4BF7E8A76661}.Release|x64.ActiveCfg = Release|x64
		{320BD4AF-30FE-4757-A18C-4BF7E8A76661}.Release|x64.Build.0 = Release|x64
		{320BD4AF-30FE-4757-A18C-4BF7E8A76661}.Release|x86.ActiveCfg = Release|Win32
		{320BD4AF-30FE-4757-A18C-4BF7E8A76661}.Release|x86.Build.0 = Release|Win32
		{0B978288-27DC-40FB-AC42-7C95841A7D33}.Debug|x64.ActiveCfg = Debug|x64
		{0B978288-27DC-40FB-AC42-7C95841A7D33}.Debug|x64.Build.0 = Debug|x64
		{0B978288-27DC-40FB-AC42-7C95841A7D33}.Debug|x86.ActiveCfg = Debug|Win32
		{0B978288-27DC-40FB-AC42-7C95841A7D33}.Debug|x86.Build.0 = Debug|Win32
		{0B978288-27DC-40FB-AC42-7C95841A7D33}.Release|x64.ActiveCfg = Release|x64
		{0B978288-27DC-40FB-AC42-7C95841A7D33}.Release|x64.Build.0 = Release|x64
		{0B978288-27DC-40FB-AC42-7C95841A7D33}.Release|x86.ActiveCfg = Release|Win32
		{0B978288-27DC-40FB-AC42-7C95841A7D33}.Release|x86.Build.0 = Release|Win32
		{0DD28A77-78EC-4C1B-9218-FC535EB68F7D}.Debug|x64.ActiveCfg = Debug|x64
		{0DD28A77-78EC-4C1B-9218-FC535EB68F7D}.Debug|x64.Build.0 = Debug|x64
		{0DD28A77-78EC-4C1B-9218-FC535EB68F7D}.Debug|x86.ActiveCfg = Debug|Win32
		{0DD28A77-78EC-4C1B-9218-FC535EB68F7D}.Debug|x86.Build.0 = Debug|Win32
		{0DD28A77-78EC-4C1B-9218-FC535EB68F7D}.Release|x64.ActiveCfg = Release|x64
		{0DD28A77-78EC-4C1B-9218-FC535EB68F7D}.Release|x64.Build.0 = Release|x64
		{0DD28A77-78EC-4C1B-9218-FC535EB68F7D}.Release|x86.ActiveCfg = Release|Win32
		{0DD28A77-78EC-4C1B-9218-FC535EB68F7D}.Release|x86.Build.0 = Release|Win32
		{00983391-1567-4394-A688-B8CB0AC8CBB0}.Debug|x64.ActiveCfg = Debug|x64
		{00983391-1567-4394-A688-B8CB0AC8CBB0}.Debug|x64.Build.0 = Debug|x64
		{00983391-1567-4394-A688-B8CB0AC8CBB0}.Debug|x86.ActiveCfg = Debug|Win32
		{00983391-1567-4394-A688-B8CB0AC8CBB0}.Debug|x86.Build.0 = Debug|Win32
		{00983391-1567-4394-A688-B8CB0AC8CBB0}.Release|x64.ActiveCfg = Release|x64
		{00983391-1567-4394-A688-B8CB0AC8CBB0}.Release|x64.Build.0 = Release|x64
		{00983391-1567-4394-A688-B8CB0AC8CBB0}.Release|x86.ActiveCfg = Release|Win32
		{00983391-1567-4394-A688-B8CB0AC8CBB0}.Release|x86.Build.0 = Release|Win32
	EndGlobalSection
	GlobalSection(SolutionProperties) = preSolution
		HideSolutionNode = FALSE
	EndGlobalSection
EndGlobal
